{
  "name": "@phoenixillusion/godot-binary-loader",
  "version": "0.0.1",
  "lockfileVersion": 3,
  "requires": true,
  "packages": {
    "": {
      "name": "@phoenixillusion/godot-binary-loader",
      "version": "0.0.1",
      "license": "MIT",
      "dependencies": {
        "@phoenixillusion/godot-scene-reader": "github:PhoenixIllusion/godot-scene-reader#v1.0.3",
        "delaunator": "5.0.1",
        "gl-matrix": "3.4.1"
      },
      "devDependencies": {
        "@types/delaunator": "5.0.3",
        "typescript": "5.8.3"
      }
    },
    "node_modules/@phoenixillusion/godot-scene-reader": {
      "version": "1.0.3",
      "resolved": "git+ssh://git@github.com/PhoenixIllusion/godot-scene-reader.git#ab553ebaef66875130d73a6b4278f4434df63e8c",
      "license": "MIT",
      "optionalDependencies": {
        "nanotar": "0.1.1"
      },
      "peerDependencies": {
        "fzstd": "0.1.1"
      }
    },
    "node_modules/@types/delaunator": {
      "version": "5.0.3",
      "resolved": "https://registry.npmjs.org/@types/delaunator/-/delaunator-5.0.3.tgz",
      "integrity": "sha512-6tTLP8NX0OwtB/fmW9bXp4EWPptawTSsrSGjboWRuzqkxNEEJGyzRPHbr8wnV2DBWfAZ+EPTOvW3B/KysJrl2g==",
      "dev": true,
      "license": "MIT"
    },
    "node_modules/delaunator": {
      "version": "5.0.1",
      "resolved": "https://registry.npmjs.org/delaunator/-/delaunator-5.0.1.tgz",
      "integrity": "sha512-8nvh+XBe96aCESrGOqMp/84b13H9cdKbG5P2ejQCh4d4sK9RL4371qou9drQjMhvnPmhWl5hnmqbEE0fXr9Xnw==",
      "license": "ISC",
      "dependencies": {
        "robust-predicates": "^3.0.2"
      }
    },
    "node_modules/fzstd": {
      "version": "0.1.1",
      "resolved": "https://registry.npmjs.org/fzstd/-/fzstd-0.1.1.tgz",
      "integrity": "sha512-dkuVSOKKwh3eas5VkJy1AW1vFpet8TA/fGmVA5krThl8YcOVE/8ZIoEA1+U1vEn5ckxxhLirSdY837azmbaNHA==",
      "license": "MIT",
      "peer": true
    },
    "node_modules/gl-matrix": {
      "version": "3.4.1",
      "resolved": "https://registry.npmjs.org/gl-matrix/-/gl-matrix-3.4.1.tgz",
      "integrity": "sha512-11oG/CuJ1R36+lukNMz5jgs8jevd5YvGF9cixyrsEj/ZUbi/b+5ccCYhcYFa9X65Qbsho7uBj9VnSwwEwSRy7A==",
      "deprecated": "This version continued to cause backwards compatibility issues",
      "license": "MIT"
    },
    "node_modules/nanotar": {
      "version": "0.1.1",
      "resolved": "https://registry.npmjs.org/nanotar/-/nanotar-0.1.1.tgz",
      "integrity": "sha512-AiJsGsSF3O0havL1BydvI4+wR76sKT+okKRwWIaK96cZUnXqH0uNBOsHlbwZq3+m2BR1VKqHDVudl3gO4mYjpQ==",
      "license": "MIT",
      "optional": true
    },
    "node_modules/robust-predicates": {
      "version": "3.0.2",
      "resolved": "https://registry.npmjs.org/robust-predicates/-/robust-predicates-3.0.2.tgz",
      "integrity": "sha512-IXgzBWvWQwE6PrDI05OvmXUIruQTcoMDzRsOd5CDvHCVLcLHMTSYvOK5Cm46kWqlV3yAbuSpBZdJ5oP5OUoStg==",
      "license": "Unlicense"
    },
    "node_modules/typescript": {
      "version": "5.8.3",
      "resolved": "https://registry.npmjs.org/typescript/-/typescript-5.8.3.tgz",
      "integrity": "sha512-p1diW6TqL9L07nNxvRMM7hMMw4c5XOo/1ibL4aAIGmSAt9slTE1Xgw5KWuof2uTOvCg9BY7ZRi+GaF+7sfgPeQ==",
      "dev": true,
      "license": "Apache-2.0",
      "bin": {
        "tsc": "bin/tsc",
        "tsserver": "bin/tsserver"
      },
      "engines": {
        "node": ">=14.17"
      }
    }
  }
}
