{
  "name": "@phoenixillusion/godot-binary-loader",
  "version": "0.0.2",
  "lockfileVersion": 3,
  "requires": true,
  "packages": {
    "": {
      "name": "@phoenixillusion/godot-binary-loader",
      "version": "0.0.2",
      "license": "MIT",
      "dependencies": {
        "@phoenixillusion/godot-scene-reader": "github:PhoenixIllusion/godot-scene-reader#v1.0.5",
        "delaunator": "5.0.1",
        "gl-matrix": "3.4.1"
      },
      "devDependencies": {
        "@types/delaunator": "5.0.3",
        "typescript": "5.8.3"
      }
    },
    "node_modules/@phoenixillusion/godot-scene-reader": {
      "version": "1.0.5",
      "resolved": "git+ssh://git@github.com/PhoenixIllusion/godot-scene-reader.git#8d2b84d6908544c2672e3c5199d05092a4c8f799",
      "license": "MIT",
      "optionalDependencies": {
        "nanotar": "0.1.1"
      },
      "peerDependencies": {
        "fzstd": "0.1.1"
      }
    },
    "node_modules/@types/delaunator": {
      "version": "5.0.3",
      "dev": true,
      "license": "MIT"
    },
    "node_modules/delaunator": {
      "version": "5.0.1",
      "license": "ISC",
      "dependencies": {
        "robust-predicates": "^3.0.2"
      }
    },
    "node_modules/fzstd": {
      "version": "0.1.1",
      "license": "MIT",
      "peer": true
    },
    "node_modules/gl-matrix": {
      "version": "3.4.1",
      "license": "MIT"
    },
    "node_modules/nanotar": {
      "version": "0.1.1",
      "license": "MIT",
      "optional": true
    },
    "node_modules/robust-predicates": {
      "version": "3.0.2",
      "license": "Unlicense"
    },
    "node_modules/typescript": {
      "version": "5.8.3",
      "dev": true,
      "license": "Apache-2.0",
      "bin": {
        "tsc": "bin/tsc",
        "tsserver": "bin/tsserver"
      },
      "engines": {
        "node": ">=14.17"
      }
    }
  }
}
